
Microsoft Visual Studio Solution File, Format Version 12.00
# Visual Studio Version 17
VisualStudioVersion = 17.5.33530.505
MinimumVisualStudioVersion = 10.0.40219.1
Project("{9A19103F-16F7-4668-BE54-9A1E7A4F7556}") = "PortfolioApi", "PortfolioApi\PortfolioApi.csproj", "{B6F494F2-BC46-4BAE-B37E-8E3D56BBF0C6}"
EndProject
Project("{FAE04EC0-301F-11D3-BF4B-00C04F79EFBC}") = "PortfolioTests", "UserServiceTests.cs\PortfolioTests.csproj", "{D770EB7A-F161-44BE-ABFF-E10B82E29A81}"
EndProject
Global
	GlobalSection(SolutionConfigurationPlatforms) = preSolution
		Debug|Any CPU = Debug|Any CPU
		Release|Any CPU = Release|Any CPU
	EndGlobalSection
	GlobalSection(ProjectConfigurationPlatforms) = postSolution
		{B6F494F2-BC46-4BAE-B37E-8E3D56BBF0C6}.Debug|Any CPU.ActiveCfg = Debug|Any CPU
		{B6F494F2-BC46-4BAE-B37E-8E3D56BBF0C6}.Debug|Any CPU.Build.0 = Debug|Any CPU
		{B6F494F2-BC46-4BAE-B37E-8E3D56BBF0C6}.Release|Any CPU.ActiveCfg = Release|Any CPU
		{B6F494F2-BC46-4BAE-B37E-8E3D56BBF0C6}.Release|Any CPU.Build.0 = Release|Any CPU
		{D770EB7A-F161-44BE-ABFF-E10B82E29A81}.Debug|Any CPU.ActiveCfg = Debug|Any CPU
		{D770EB7A-F161-44BE-ABFF-E10B82E29A81}.Debug|Any CPU.Build.0 = Debug|Any CPU
		{D770EB7A-F161-44BE-ABFF-E10B82E29A81}.Release|Any CPU.ActiveCfg = Release|Any CPU
		{D770EB7A-F161-44BE-ABFF-E10B82E29A81}.Release|Any CPU.Build.0 = Release|Any CPU
	EndGlobalSection
	GlobalSection(SolutionProperties) = preSolution
		HideSolutionNode = FALSE
	EndGlobalSection
	GlobalSection(ExtensibilityGlobals) = postSolution
		SolutionGuid = {2FD95923-CB98-4B6B-AA3F-AAAC06D9BEA9}
	EndGlobalSection
EndGlobal
